
Microsoft Visual Studio Solution File, Format Version 12.00
# Visual Studio Version 17
VisualStudioVersion = 17.3.32901.215
MinimumVisualStudioVersion = 10.0.40219.1
Project("{FAE04EC0-301F-11D3-BF4B-00C04F79EFBC}") = "laba4_309_Tebenko_Andrew", "laba4_309_Tebenko_Andrew\laba4_309_Tebenko_Andrew.csproj", "{086DA064-E093-420F-882A-D5753C1CFB7B}"
EndProject
Global
	GlobalSection(SolutionConfigurationPlatforms) = preSolution
		Debug|Any CPU = Debug|Any CPU
		Release|Any CPU = Release|Any CPU
	EndGlobalSection
	GlobalSection(ProjectConfigurationPlatforms) = postSolution
		{086DA064-E093-420F-882A-D5753C1CFB7B}.Debug|Any CPU.ActiveCfg = Debug|Any CPU
		{086DA064-E093-420F-882A-D5753C1CFB7B}.Debug|Any CPU.Build.0 = Debug|Any CPU
		{086DA064-E093-420F-882A-D5753C1CFB7B}.Release|Any CPU.ActiveCfg = Release|Any CPU
		{086DA064-E093-420F-882A-D5753C1CFB7B}.Release|Any CPU.Build.0 = Release|Any CPU
	EndGlobalSection
	GlobalSection(SolutionProperties) = preSolution
		HideSolutionNode = FALSE
	EndGlobalSection
	GlobalSection(ExtensibilityGlobals) = postSolution
		SolutionGuid = {E4060C90-2C8C-4B53-BAEA-A72BDB5F2B25}
	EndGlobalSection
EndGlobal
