
Microsoft Visual Studio Solution File, Format Version 12.00
# Visual Studio Version 17
VisualStudioVersion = 17.3.32901.215
MinimumVisualStudioVersion = 10.0.40219.1
Project("{FAE04EC0-301F-11D3-BF4B-00C04F79EFBC}") = "laba3_309_Tebenko_Andrew", "laba3_309_Tebenko_Andrew\laba3_309_Tebenko_Andrew.csproj", "{CA93B6B8-C1FB-44D5-9725-133AAA3908DA}"
EndProject
Global
	GlobalSection(SolutionConfigurationPlatforms) = preSolution
		Debug|Any CPU = Debug|Any CPU
		Release|Any CPU = Release|Any CPU
	EndGlobalSection
	GlobalSection(ProjectConfigurationPlatforms) = postSolution
		{CA93B6B8-C1FB-44D5-9725-133AAA3908DA}.Debug|Any CPU.ActiveCfg = Debug|Any CPU
		{CA93B6B8-C1FB-44D5-9725-133AAA3908DA}.Debug|Any CPU.Build.0 = Debug|Any CPU
		{CA93B6B8-C1FB-44D5-9725-133AAA3908DA}.Release|Any CPU.ActiveCfg = Release|Any CPU
		{CA93B6B8-C1FB-44D5-9725-133AAA3908DA}.Release|Any CPU.Build.0 = Release|Any CPU
	EndGlobalSection
	GlobalSection(SolutionProperties) = preSolution
		HideSolutionNode = FALSE
	EndGlobalSection
	GlobalSection(ExtensibilityGlobals) = postSolution
		SolutionGuid = {08A2E24D-14D8-48C1-A491-EE0C5B597FBA}
	EndGlobalSection
EndGlobal
